
Microsoft Visual Studio Solution File, Format Version 12.00
# Visual Studio Version 17
VisualStudioVersion = 17.4.33122.133
MinimumVisualStudioVersion = 10.0.40219.1
Project("{FAE04EC0-301F-11D3-BF4B-00C04F79EFBC}") = "Pole07", "Pole07.csproj", "{3C2FECB8-D843-400E-83A5-01A753D7BFFA}"
EndProject
Global
	GlobalSection(SolutionConfigurationPlatforms) = preSolution
		Debug|Any CPU = Debug|Any CPU
		Release|Any CPU = Release|Any CPU
	EndGlobalSection
	GlobalSection(ProjectConfigurationPlatforms) = postSolution
		{3C2FECB8-D843-400E-83A5-01A753D7BFFA}.Debug|Any CPU.ActiveCfg = Debug|Any CPU
		{3C2FECB8-D843-400E-83A5-01A753D7BFFA}.Debug|Any CPU.Build.0 = Debug|Any CPU
		{3C2FECB8-D843-400E-83A5-01A753D7BFFA}.Release|Any CPU.ActiveCfg = Release|Any CPU
		{3C2FECB8-D843-400E-83A5-01A753D7BFFA}.Release|Any CPU.Build.0 = Release|Any CPU
	EndGlobalSection
	GlobalSection(SolutionProperties) = preSolution
		HideSolutionNode = FALSE
	EndGlobalSection
	GlobalSection(ExtensibilityGlobals) = postSolution
		SolutionGuid = {059878B4-D373-4872-9116-A172E5C97CAC}
	EndGlobalSection
EndGlobal
